
Microsoft Visual Studio Solution File, Format Version 12.00
# Visual Studio Version 17
VisualStudioVersion = 17.14.36518.9
MinimumVisualStudioVersion = 10.0.40219.1
Project("{FAE04EC0-301F-11D3-BF4B-00C04F79EFBC}") = "CrediSoft.Domain", "CrediSoft.Domain\CrediSoft.Domain.csproj", "{AEE8D6EF-4FEC-4BE3-A38D-65E958DA55CC}"
EndProject
Project("{FAE04EC0-301F-11D3-BF4B-00C04F79EFBC}") = "CrediSoft.Application", "CrediSoft.Application\CrediSoft.Application.csproj", "{F8970250-92B9-4324-BE3E-88B1B7B8D8A7}"
EndProject
Project("{FAE04EC0-301F-11D3-BF4B-00C04F79EFBC}") = "CrediSoft.Infrastructure", "CrediSoft.Infrastructure\CrediSoft.Infrastructure.csproj", "{585C9F19-9222-405B-B20E-250258757C22}"
EndProject
Project("{FAE04EC0-301F-11D3-BF4B-00C04F79EFBC}") = "CrediSoft.WebAPI", "CrediSoft.WebAPI\CrediSoft.WebAPI.csproj", "{4BF94A18-705C-4D23-BB52-93856DF350AB}"
EndProject
Project("{FAE04EC0-301F-11D3-BF4B-00C04F79EFBC}") = "CrediSoft.Tests", "CrediSoft.Tests\CrediSoft.Tests.csproj", "{5166F3F9-0037-4551-9C1E-CC7CFEEF0E91}"
EndProject
Global
	GlobalSection(SolutionConfigurationPlatforms) = preSolution
		Debug|Any CPU = Debug|Any CPU
		Release|Any CPU = Release|Any CPU
	EndGlobalSection
	GlobalSection(ProjectConfigurationPlatforms) = postSolution
		{AEE8D6EF-4FEC-4BE3-A38D-65E958DA55CC}.Debug|Any CPU.ActiveCfg = Debug|Any CPU
		{AEE8D6EF-4FEC-4BE3-A38D-65E958DA55CC}.Debug|Any CPU.Build.0 = Debug|Any CPU
		{AEE8D6EF-4FEC-4BE3-A38D-65E958DA55CC}.Release|Any CPU.ActiveCfg = Release|Any CPU
		{AEE8D6EF-4FEC-4BE3-A38D-65E958DA55CC}.Release|Any CPU.Build.0 = Release|Any CPU
		{F8970250-92B9-4324-BE3E-88B1B7B8D8A7}.Debug|Any CPU.ActiveCfg = Debug|Any CPU
		{F8970250-92B9-4324-BE3E-88B1B7B8D8A7}.Debug|Any CPU.Build.0 = Debug|Any CPU
		{F8970250-92B9-4324-BE3E-88B1B7B8D8A7}.Release|Any CPU.ActiveCfg = Release|Any CPU
		{F8970250-92B9-4324-BE3E-88B1B7B8D8A7}.Release|Any CPU.Build.0 = Release|Any CPU
		{585C9F19-9222-405B-B20E-250258757C22}.Debug|Any CPU.ActiveCfg = Debug|Any CPU
		{585C9F19-9222-405B-B20E-250258757C22}.Debug|Any CPU.Build.0 = Debug|Any CPU
		{585C9F19-9222-405B-B20E-250258757C22}.Release|Any CPU.ActiveCfg = Release|Any CPU
		{585C9F19-9222-405B-B20E-250258757C22}.Release|Any CPU.Build.0 = Release|Any CPU
		{4BF94A18-705C-4D23-BB52-93856DF350AB}.Debug|Any CPU.ActiveCfg = Debug|Any CPU
		{4BF94A18-705C-4D23-BB52-93856DF350AB}.Debug|Any CPU.Build.0 = Debug|Any CPU
		{4BF94A18-705C-4D23-BB52-93856DF350AB}.Release|Any CPU.ActiveCfg = Release|Any CPU
		{4BF94A18-705C-4D23-BB52-93856DF350AB}.Release|Any CPU.Build.0 = Release|Any CPU
		{5166F3F9-0037-4551-9C1E-CC7CFEEF0E91}.Debug|Any CPU.ActiveCfg = Debug|Any CPU
		{5166F3F9-0037-4551-9C1E-CC7CFEEF0E91}.Debug|Any CPU.Build.0 = Debug|Any CPU
		{5166F3F9-0037-4551-9C1E-CC7CFEEF0E91}.Release|Any CPU.ActiveCfg = Release|Any CPU
		{5166F3F9-0037-4551-9C1E-CC7CFEEF0E91}.Release|Any CPU.Build.0 = Release|Any CPU
	EndGlobalSection
	GlobalSection(SolutionProperties) = preSolution
		HideSolutionNode = FALSE
	EndGlobalSection
	GlobalSection(ExtensibilityGlobals) = postSolution
		SolutionGuid = {E935EF60-E5B8-4E52-85F2-3FE3CB0940D4}
	EndGlobalSection
EndGlobal
